
Microsoft Visual Studio Solution File, Format Version 12.00
# Visual Studio Version 16
VisualStudioVersion = 16.0.30804.86
MinimumVisualStudioVersion = 10.0.40219.1
Project("{9A19103F-16F7-4668-BE54-9A1E7A4F7556}") = "BlazorFrontEnd", "BlazorFrontEnd\BlazorFrontEnd.csproj", "{C32A827A-A123-4460-83A9-A8C4BB678CA6}"
EndProject
Project("{9A19103F-16F7-4668-BE54-9A1E7A4F7556}") = "PathfinderLogicLibrary", "PathfinderLogicLibrary\PathfinderLogicLibrary.csproj", "{F3A5E770-363B-4C17-99DA-7953703DA1CE}"
EndProject
Project("{00D1A9C2-B5F0-4AF3-8072-F6C62B433612}") = "PathfinderDB", "PathfinderDB\PathfinderDB.sqlproj", "{9AFEA512-194C-477A-ABBD-9662DA879E23}"
EndProject
Project("{FAE04EC0-301F-11D3-BF4B-00C04F79EFBC}") = "DBAccess", "Data Access\DBAccess.csproj", "{E17D1CE0-4E93-421F-8243-CB98726A7696}"
EndProject
Global
	GlobalSection(SolutionConfigurationPlatforms) = preSolution
		Debug|Any CPU = Debug|Any CPU
		Release|Any CPU = Release|Any CPU
	EndGlobalSection
	GlobalSection(ProjectConfigurationPlatforms) = postSolution
		{C32A827A-A123-4460-83A9-A8C4BB678CA6}.Debug|Any CPU.ActiveCfg = Debug|Any CPU
		{C32A827A-A123-4460-83A9-A8C4BB678CA6}.Debug|Any CPU.Build.0 = Debug|Any CPU
		{C32A827A-A123-4460-83A9-A8C4BB678CA6}.Release|Any CPU.ActiveCfg = Release|Any CPU
		{C32A827A-A123-4460-83A9-A8C4BB678CA6}.Release|Any CPU.Build.0 = Release|Any CPU
		{F3A5E770-363B-4C17-99DA-7953703DA1CE}.Debug|Any CPU.ActiveCfg = Debug|Any CPU
		{F3A5E770-363B-4C17-99DA-7953703DA1CE}.Debug|Any CPU.Build.0 = Debug|Any CPU
		{F3A5E770-363B-4C17-99DA-7953703DA1CE}.Release|Any CPU.ActiveCfg = Release|Any CPU
		{F3A5E770-363B-4C17-99DA-7953703DA1CE}.Release|Any CPU.Build.0 = Release|Any CPU
		{9AFEA512-194C-477A-ABBD-9662DA879E23}.Debug|Any CPU.ActiveCfg = Debug|Any CPU
		{9AFEA512-194C-477A-ABBD-9662DA879E23}.Debug|Any CPU.Build.0 = Debug|Any CPU
		{9AFEA512-194C-477A-ABBD-9662DA879E23}.Debug|Any CPU.Deploy.0 = Debug|Any CPU
		{9AFEA512-194C-477A-ABBD-9662DA879E23}.Release|Any CPU.ActiveCfg = Release|Any CPU
		{9AFEA512-194C-477A-ABBD-9662DA879E23}.Release|Any CPU.Build.0 = Release|Any CPU
		{9AFEA512-194C-477A-ABBD-9662DA879E23}.Release|Any CPU.Deploy.0 = Release|Any CPU
		{E17D1CE0-4E93-421F-8243-CB98726A7696}.Debug|Any CPU.ActiveCfg = Debug|Any CPU
		{E17D1CE0-4E93-421F-8243-CB98726A7696}.Debug|Any CPU.Build.0 = Debug|Any CPU
		{E17D1CE0-4E93-421F-8243-CB98726A7696}.Release|Any CPU.ActiveCfg = Release|Any CPU
		{E17D1CE0-4E93-421F-8243-CB98726A7696}.Release|Any CPU.Build.0 = Release|Any CPU
	EndGlobalSection
	GlobalSection(SolutionProperties) = preSolution
		HideSolutionNode = FALSE
	EndGlobalSection
	GlobalSection(ExtensibilityGlobals) = postSolution
		SolutionGuid = {1C136846-9DFE-4854-A156-82CDC2B95627}
	EndGlobalSection
EndGlobal
